
Microsoft Visual Studio Solution File, Format Version 12.00
# Visual Studio Version 17
VisualStudioVersion = 17.1.32328.378
MinimumVisualStudioVersion = 10.0.40219.1
Project("{FAE04EC0-301F-11D3-BF4B-00C04F79EFBC}") = "07AprilHomework", "_07_04_2022_Homework\07AprilHomework.csproj", "{4DB64ACC-55DB-4EA3-AB40-E2946DD2F05B}"
EndProject
Global
	GlobalSection(SolutionConfigurationPlatforms) = preSolution
		Debug|Any CPU = Debug|Any CPU
		Release|Any CPU = Release|Any CPU
	EndGlobalSection
	GlobalSection(ProjectConfigurationPlatforms) = postSolution
		{4DB64ACC-55DB-4EA3-AB40-E2946DD2F05B}.Debug|Any CPU.ActiveCfg = Debug|Any CPU
		{4DB64ACC-55DB-4EA3-AB40-E2946DD2F05B}.Debug|Any CPU.Build.0 = Debug|Any CPU
		{4DB64ACC-55DB-4EA3-AB40-E2946DD2F05B}.Release|Any CPU.ActiveCfg = Release|Any CPU
		{4DB64ACC-55DB-4EA3-AB40-E2946DD2F05B}.Release|Any CPU.Build.0 = Release|Any CPU
	EndGlobalSection
	GlobalSection(SolutionProperties) = preSolution
		HideSolutionNode = FALSE
	EndGlobalSection
	GlobalSection(ExtensibilityGlobals) = postSolution
		SolutionGuid = {C085036E-34AB-44FC-8C7D-81056FA89D18}
	EndGlobalSection
EndGlobal
